
Microsoft Visual Studio Solution File, Format Version 12.00
# Visual Studio Version 17
VisualStudioVersion = 17.5.33530.505
MinimumVisualStudioVersion = 10.0.40219.1
Project("{FAE04EC0-301F-11D3-BF4B-00C04F79EFBC}") = "Clase_6_UI", "Clase_6_UI\Clase_6_UI.csproj", "{2E58C82F-487E-4076-AD6A-992D78561093}"
EndProject
Global
	GlobalSection(SolutionConfigurationPlatforms) = preSolution
		Debug|Any CPU = Debug|Any CPU
		Release|Any CPU = Release|Any CPU
	EndGlobalSection
	GlobalSection(ProjectConfigurationPlatforms) = postSolution
		{2E58C82F-487E-4076-AD6A-992D78561093}.Debug|Any CPU.ActiveCfg = Debug|Any CPU
		{2E58C82F-487E-4076-AD6A-992D78561093}.Debug|Any CPU.Build.0 = Debug|Any CPU
		{2E58C82F-487E-4076-AD6A-992D78561093}.Release|Any CPU.ActiveCfg = Release|Any CPU
		{2E58C82F-487E-4076-AD6A-992D78561093}.Release|Any CPU.Build.0 = Release|Any CPU
	EndGlobalSection
	GlobalSection(SolutionProperties) = preSolution
		HideSolutionNode = FALSE
	EndGlobalSection
	GlobalSection(ExtensibilityGlobals) = postSolution
		SolutionGuid = {9B6B5808-C378-451E-919C-8DA34B49C0FD}
	EndGlobalSection
EndGlobal
