
Microsoft Visual Studio Solution File, Format Version 12.00
# Visual Studio Version 17
VisualStudioVersion = 17.5.33516.290
MinimumVisualStudioVersion = 10.0.40219.1
Project("{FAE04EC0-301F-11D3-BF4B-00C04F79EFBC}") = "03ConversorBinario", "03ConversorBinario\03ConversorBinario.csproj", "{797D9EB6-D315-4345-B6E2-23BB39511B51}"
EndProject
Global
	GlobalSection(SolutionConfigurationPlatforms) = preSolution
		Debug|Any CPU = Debug|Any CPU
		Release|Any CPU = Release|Any CPU
	EndGlobalSection
	GlobalSection(ProjectConfigurationPlatforms) = postSolution
		{797D9EB6-D315-4345-B6E2-23BB39511B51}.Debug|Any CPU.ActiveCfg = Debug|Any CPU
		{797D9EB6-D315-4345-B6E2-23BB39511B51}.Debug|Any CPU.Build.0 = Debug|Any CPU
		{797D9EB6-D315-4345-B6E2-23BB39511B51}.Release|Any CPU.ActiveCfg = Release|Any CPU
		{797D9EB6-D315-4345-B6E2-23BB39511B51}.Release|Any CPU.Build.0 = Release|Any CPU
	EndGlobalSection
	GlobalSection(SolutionProperties) = preSolution
		HideSolutionNode = FALSE
	EndGlobalSection
	GlobalSection(ExtensibilityGlobals) = postSolution
		SolutionGuid = {704E81C7-CD92-483B-8833-C9B79B9B4856}
	EndGlobalSection
EndGlobal
