
Microsoft Visual Studio Solution File, Format Version 12.00
# Visual Studio Version 17
VisualStudioVersion = 17.5.33516.290
MinimumVisualStudioVersion = 10.0.40219.1
Project("{FAE04EC0-301F-11D3-BF4B-00C04F79EFBC}") = "Main", "Main\Main.csproj", "{18F59A76-24FC-4ECA-8ACD-539BD9831BBC}"
EndProject
Project("{FAE04EC0-301F-11D3-BF4B-00C04F79EFBC}") = "Billetes", "Billetes\Billetes.csproj", "{47A34472-5206-42F2-80AE-B49ADC075E7A}"
EndProject
Global
	GlobalSection(SolutionConfigurationPlatforms) = preSolution
		Debug|Any CPU = Debug|Any CPU
		Release|Any CPU = Release|Any CPU
	EndGlobalSection
	GlobalSection(ProjectConfigurationPlatforms) = postSolution
		{18F59A76-24FC-4ECA-8ACD-539BD9831BBC}.Debug|Any CPU.ActiveCfg = Debug|Any CPU
		{18F59A76-24FC-4ECA-8ACD-539BD9831BBC}.Debug|Any CPU.Build.0 = Debug|Any CPU
		{18F59A76-24FC-4ECA-8ACD-539BD9831BBC}.Release|Any CPU.ActiveCfg = Release|Any CPU
		{18F59A76-24FC-4ECA-8ACD-539BD9831BBC}.Release|Any CPU.Build.0 = Release|Any CPU
		{47A34472-5206-42F2-80AE-B49ADC075E7A}.Debug|Any CPU.ActiveCfg = Debug|Any CPU
		{47A34472-5206-42F2-80AE-B49ADC075E7A}.Debug|Any CPU.Build.0 = Debug|Any CPU
		{47A34472-5206-42F2-80AE-B49ADC075E7A}.Release|Any CPU.ActiveCfg = Release|Any CPU
		{47A34472-5206-42F2-80AE-B49ADC075E7A}.Release|Any CPU.Build.0 = Release|Any CPU
	EndGlobalSection
	GlobalSection(SolutionProperties) = preSolution
		HideSolutionNode = FALSE
	EndGlobalSection
	GlobalSection(ExtensibilityGlobals) = postSolution
		SolutionGuid = {D6F1CCF8-55A4-4068-83A1-54EAB013778B}
	EndGlobalSection
EndGlobal
