
Microsoft Visual Studio Solution File, Format Version 12.00
# Visual Studio Version 17
VisualStudioVersion = 17.5.33516.290
MinimumVisualStudioVersion = 10.0.40219.1
<<<<<<< HEAD:3. POO/01Prestamo/01Prestamo.sln
Project("{FAE04EC0-301F-11D3-BF4B-00C04F79EFBC}") = "01Prestamo", "01Prestamo\01Prestamo.csproj", "{B6BBD867-854C-48FB-A99A-E70DDAF6CC50}"
=======
Project("{FAE04EC0-301F-11D3-BF4B-00C04F79EFBC}") = "ClaseSabado", "ClaseSabado\ClaseSabado.csproj", "{F9909D42-5CF0-4741-AD03-5A19678E2FED}"
>>>>>>> Cambios realizados:6. WindowsForm/ClaseSabado/ClaseSabado.sln
EndProject
Global
	GlobalSection(SolutionConfigurationPlatforms) = preSolution
		Debug|Any CPU = Debug|Any CPU
		Release|Any CPU = Release|Any CPU
	EndGlobalSection
	GlobalSection(ProjectConfigurationPlatforms) = postSolution
<<<<<<< HEAD:3. POO/01Prestamo/01Prestamo.sln
		{B6BBD867-854C-48FB-A99A-E70DDAF6CC50}.Debug|Any CPU.ActiveCfg = Debug|Any CPU
		{B6BBD867-854C-48FB-A99A-E70DDAF6CC50}.Debug|Any CPU.Build.0 = Debug|Any CPU
		{B6BBD867-854C-48FB-A99A-E70DDAF6CC50}.Release|Any CPU.ActiveCfg = Release|Any CPU
		{B6BBD867-854C-48FB-A99A-E70DDAF6CC50}.Release|Any CPU.Build.0 = Release|Any CPU
=======
		{F9909D42-5CF0-4741-AD03-5A19678E2FED}.Debug|Any CPU.ActiveCfg = Debug|Any CPU
		{F9909D42-5CF0-4741-AD03-5A19678E2FED}.Debug|Any CPU.Build.0 = Debug|Any CPU
		{F9909D42-5CF0-4741-AD03-5A19678E2FED}.Release|Any CPU.ActiveCfg = Release|Any CPU
		{F9909D42-5CF0-4741-AD03-5A19678E2FED}.Release|Any CPU.Build.0 = Release|Any CPU
>>>>>>> Cambios realizados:6. WindowsForm/ClaseSabado/ClaseSabado.sln
	EndGlobalSection
	GlobalSection(SolutionProperties) = preSolution
		HideSolutionNode = FALSE
	EndGlobalSection
	GlobalSection(ExtensibilityGlobals) = postSolution
<<<<<<< HEAD:3. POO/01Prestamo/01Prestamo.sln
		SolutionGuid = {9F5205FF-4BDC-44E3-BB74-48021970DA94}
=======
		SolutionGuid = {E99575D6-36C2-49D6-9816-AFFA7060A185}
>>>>>>> Cambios realizados:6. WindowsForm/ClaseSabado/ClaseSabado.sln
	EndGlobalSection
EndGlobal
