
Microsoft Visual Studio Solution File, Format Version 12.00
# Visual Studio Version 17
VisualStudioVersion = 17.5.33516.290
MinimumVisualStudioVersion = 10.0.40219.1
Project("{FAE04EC0-301F-11D3-BF4B-00C04F79EFBC}") = "01MaximoMinimoPromedio", "01MaximoMinimoPromedio\01MaximoMinimoPromedio.csproj", "{F3F082C7-C96C-48D1-9FEA-BCEF82F8DDA3}"
EndProject
Global
	GlobalSection(SolutionConfigurationPlatforms) = preSolution
		Debug|Any CPU = Debug|Any CPU
		Release|Any CPU = Release|Any CPU
	EndGlobalSection
	GlobalSection(ProjectConfigurationPlatforms) = postSolution
		{F3F082C7-C96C-48D1-9FEA-BCEF82F8DDA3}.Debug|Any CPU.ActiveCfg = Debug|Any CPU
		{F3F082C7-C96C-48D1-9FEA-BCEF82F8DDA3}.Debug|Any CPU.Build.0 = Debug|Any CPU
		{F3F082C7-C96C-48D1-9FEA-BCEF82F8DDA3}.Release|Any CPU.ActiveCfg = Release|Any CPU
		{F3F082C7-C96C-48D1-9FEA-BCEF82F8DDA3}.Release|Any CPU.Build.0 = Release|Any CPU
	EndGlobalSection
	GlobalSection(SolutionProperties) = preSolution
		HideSolutionNode = FALSE
	EndGlobalSection
	GlobalSection(ExtensibilityGlobals) = postSolution
		SolutionGuid = {95094E1E-4D15-41DB-8D16-CEC66F50143A}
	EndGlobalSection
EndGlobal
